{
  "nodes": {
    "flakeNimbleLib": {
      "inputs": {
        "nixpkgs": [
          "nixpkgs"
        ]
      },
      "locked": {
        "lastModified": 1662018438,
        "narHash": "sha256-QtNtU6+LX3Wokxf0zlFwKTFOcn6TeDjKQZ+DA9OYtvM=",
        "owner": "riinr",
        "repo": "nim-flakes-lib",
        "rev": "b1fe8340736e3a85d25c709ac3dfd82a55c03cbf",
        "type": "github"
      },
      "original": {
        "owner": "riinr",
        "ref": "master",
        "repo": "nim-flakes-lib",
        "type": "github"
      }
    },
    "nixpkgs": {
      "locked": {
        "lastModified": 1667199707,
        "narHash": "sha256-I2Js3Y7gUyVSEXPULHlBoRek4Lh85vnevdS6mdvDNLI=",
        "owner": "NixOS",
        "repo": "nixpkgs",
        "rev": "ced197be72099edcfa68ebed8b87af7b04851f45",
        "type": "github"
      },
      "original": {
        "id": "nixpkgs",
        "type": "indirect"
      }
    },
    "root": {
      "inputs": {
        "flakeNimbleLib": "flakeNimbleLib",
        "nixpkgs": "nixpkgs",
        "src-compiler-devel": "src-compiler-devel"
      }
    },
    "src-compiler-devel": {
      "flake": false,
      "locked": {
        "lastModified": 1667325666,
        "narHash": "sha256-+hzZ7aPCBd8M6QbmlN91KnimVgU2ooez2MA9P6EUD4A=",
        "owner": "nim-lang",
        "repo": "Nim",
        "rev": "58f79e7c3e1bfc227efaaf20f34593cb3fb3ddeb",
        "type": "github"
      },
      "original": {
        "owner": "nim-lang",
        "ref": "refs/heads/devel",
        "repo": "Nim",
        "type": "github"
      }
    }
  },
  "root": "root",
  "version": 7
}
